
Microsoft Visual Studio Solution File, Format Version 12.00
# Visual Studio Version 17
VisualStudioVersion = 17.13.35825.156 d17.13
MinimumVisualStudioVersion = 10.0.40219.1
Project("{FAE04EC0-301F-11D3-BF4B-00C04F79EFBC}") = "RailwayApiDemo", "RailwayApiDemo\RailwayApiDemo.csproj", "{ACD1FBF8-6E3C-43AF-8D1C-1B4D3BB41683}"
EndProject
Global
	GlobalSection(SolutionConfigurationPlatforms) = preSolution
		Debug|Any CPU = Debug|Any CPU
		Release|Any CPU = Release|Any CPU
	EndGlobalSection
	GlobalSection(ProjectConfigurationPlatforms) = postSolution
		{ACD1FBF8-6E3C-43AF-8D1C-1B4D3BB41683}.Debug|Any CPU.ActiveCfg = Debug|Any CPU
		{ACD1FBF8-6E3C-43AF-8D1C-1B4D3BB41683}.Debug|Any CPU.Build.0 = Debug|Any CPU
		{ACD1FBF8-6E3C-43AF-8D1C-1B4D3BB41683}.Release|Any CPU.ActiveCfg = Release|Any CPU
		{ACD1FBF8-6E3C-43AF-8D1C-1B4D3BB41683}.Release|Any CPU.Build.0 = Release|Any CPU
	EndGlobalSection
	GlobalSection(SolutionProperties) = preSolution
		HideSolutionNode = FALSE
	EndGlobalSection
	GlobalSection(ExtensibilityGlobals) = postSolution
		SolutionGuid = {9916EA31-B8BC-4DB9-84BE-0999DF3002F4}
	EndGlobalSection
EndGlobal
